
Microsoft Visual Studio Solution File, Format Version 12.00
# Visual Studio 15
VisualStudioVersion = 15.0.27428.2011
MinimumVisualStudioVersion = 10.0.40219.1
Project("{FAE04EC0-301F-11D3-BF4B-00C04F79EFBC}") = "Saver.Server", "Saver.Server\Saver.Server.csproj", "{A434BB50-17D7-45E6-A5EA-BEB6F4C3919F}"
EndProject
Project("{FAE04EC0-301F-11D3-BF4B-00C04F79EFBC}") = "Saver.Server.IntegrationTests", "Saver.Server.Tests\Saver.Server.IntegrationTests.csproj", "{E6E4677B-023E-4F30-BF08-820EC220AB9C}"
EndProject
Project("{FAE04EC0-301F-11D3-BF4B-00C04F79EFBC}") = "Saver.Model", "Saver.Model\Saver.Model.csproj", "{8F4A3976-88E1-4CC6-93FB-33523EE366CA}"
EndProject
Project("{FAE04EC0-301F-11D3-BF4B-00C04F79EFBC}") = "Saver.DataAccess", "Saver.DataAccess\Saver.DataAccess.csproj", "{137B0AB7-0B90-4500-9129-EC9BFE6ABF6F}"
EndProject
Project("{FAE04EC0-301F-11D3-BF4B-00C04F79EFBC}") = "Saver.Repositories", "Saver.Repositories\Saver.Repositories.csproj", "{3396A109-A2FD-4387-A8BC-FB261D146AC8}"
EndProject
Project("{FAE04EC0-301F-11D3-BF4B-00C04F79EFBC}") = "Saver.Repositories.Tests", "Saver.Repositories.Tests\Saver.Repositories.Tests.csproj", "{550453CD-AB51-444D-9913-C1A21FFCFBEB}"
EndProject
Project("{FAE04EC0-301F-11D3-BF4B-00C04F79EFBC}") = "Saver.Services.Tests", "Saver.Services.Tests\Saver.Services.Tests.csproj", "{CA1C0153-FF97-4AE1-A20D-D1BF4598D4B6}"
EndProject
Project("{FAE04EC0-301F-11D3-BF4B-00C04F79EFBC}") = "Saver.Services", "Saver.Services\Saver.Services.csproj", "{599A2808-D428-47FD-9B93-DBB98D50B8B1}"
EndProject
Project("{FAE04EC0-301F-11D3-BF4B-00C04F79EFBC}") = "Saver.DataAccess.Tests", "Saver.DataAccess.Tests\Saver.DataAccess.Tests.csproj", "{1752C9DD-064F-4A46-90C1-98FAF0396CA1}"
EndProject
Project("{262852C6-CD72-467D-83FE-5EEB1973A190}") = "Saver.App", "Saver.App\Saver.App.jsproj", "{549CBA80-397B-4F8E-BB0E-5944E9D7E7DD}"
EndProject
Global
	GlobalSection(SolutionConfigurationPlatforms) = preSolution
		Debug|Android = Debug|Android
		Debug|Any CPU = Debug|Any CPU
		Debug|iOS = Debug|iOS
		Debug|Windows-AnyCPU = Debug|Windows-AnyCPU
		Debug|Windows-ARM = Debug|Windows-ARM
		Debug|Windows-x64 = Debug|Windows-x64
		Debug|Windows-x86 = Debug|Windows-x86
		Release|Android = Release|Android
		Release|Any CPU = Release|Any CPU
		Release|iOS = Release|iOS
		Release|Windows-AnyCPU = Release|Windows-AnyCPU
		Release|Windows-ARM = Release|Windows-ARM
		Release|Windows-x64 = Release|Windows-x64
		Release|Windows-x86 = Release|Windows-x86
	EndGlobalSection
	GlobalSection(ProjectConfigurationPlatforms) = postSolution
		{A434BB50-17D7-45E6-A5EA-BEB6F4C3919F}.Debug|Android.ActiveCfg = Debug|Any CPU
		{A434BB50-17D7-45E6-A5EA-BEB6F4C3919F}.Debug|Android.Build.0 = Debug|Any CPU
		{A434BB50-17D7-45E6-A5EA-BEB6F4C3919F}.Debug|Any CPU.ActiveCfg = Debug|Any CPU
		{A434BB50-17D7-45E6-A5EA-BEB6F4C3919F}.Debug|Any CPU.Build.0 = Debug|Any CPU
		{A434BB50-17D7-45E6-A5EA-BEB6F4C3919F}.Debug|iOS.ActiveCfg = Debug|Any CPU
		{A434BB50-17D7-45E6-A5EA-BEB6F4C3919F}.Debug|iOS.Build.0 = Debug|Any CPU
		{A434BB50-17D7-45E6-A5EA-BEB6F4C3919F}.Debug|Windows-AnyCPU.ActiveCfg = Debug|Any CPU
		{A434BB50-17D7-45E6-A5EA-BEB6F4C3919F}.Debug|Windows-AnyCPU.Build.0 = Debug|Any CPU
		{A434BB50-17D7-45E6-A5EA-BEB6F4C3919F}.Debug|Windows-ARM.ActiveCfg = Debug|Any CPU
		{A434BB50-17D7-45E6-A5EA-BEB6F4C3919F}.Debug|Windows-ARM.Build.0 = Debug|Any CPU
		{A434BB50-17D7-45E6-A5EA-BEB6F4C3919F}.Debug|Windows-x64.ActiveCfg = Debug|Any CPU
		{A434BB50-17D7-45E6-A5EA-BEB6F4C3919F}.Debug|Windows-x64.Build.0 = Debug|Any CPU
		{A434BB50-17D7-45E6-A5EA-BEB6F4C3919F}.Debug|Windows-x86.ActiveCfg = Debug|Any CPU
		{A434BB50-17D7-45E6-A5EA-BEB6F4C3919F}.Debug|Windows-x86.Build.0 = Debug|Any CPU
		{A434BB50-17D7-45E6-A5EA-BEB6F4C3919F}.Release|Android.ActiveCfg = Release|Any CPU
		{A434BB50-17D7-45E6-A5EA-BEB6F4C3919F}.Release|Android.Build.0 = Release|Any CPU
		{A434BB50-17D7-45E6-A5EA-BEB6F4C3919F}.Release|Any CPU.ActiveCfg = Release|Any CPU
		{A434BB50-17D7-45E6-A5EA-BEB6F4C3919F}.Release|Any CPU.Build.0 = Release|Any CPU
		{A434BB50-17D7-45E6-A5EA-BEB6F4C3919F}.Release|iOS.ActiveCfg = Release|Any CPU
		{A434BB50-17D7-45E6-A5EA-BEB6F4C3919F}.Release|iOS.Build.0 = Release|Any CPU
		{A434BB50-17D7-45E6-A5EA-BEB6F4C3919F}.Release|Windows-AnyCPU.ActiveCfg = Release|Any CPU
		{A434BB50-17D7-45E6-A5EA-BEB6F4C3919F}.Release|Windows-AnyCPU.Build.0 = Release|Any CPU
		{A434BB50-17D7-45E6-A5EA-BEB6F4C3919F}.Release|Windows-ARM.ActiveCfg = Release|Any CPU
		{A434BB50-17D7-45E6-A5EA-BEB6F4C3919F}.Release|Windows-ARM.Build.0 = Release|Any CPU
		{A434BB50-17D7-45E6-A5EA-BEB6F4C3919F}.Release|Windows-x64.ActiveCfg = Release|Any CPU
		{A434BB50-17D7-45E6-A5EA-BEB6F4C3919F}.Release|Windows-x64.Build.0 = Release|Any CPU
		{A434BB50-17D7-45E6-A5EA-BEB6F4C3919F}.Release|Windows-x86.ActiveCfg = Release|Any CPU
		{A434BB50-17D7-45E6-A5EA-BEB6F4C3919F}.Release|Windows-x86.Build.0 = Release|Any CPU
		{E6E4677B-023E-4F30-BF08-820EC220AB9C}.Debug|Android.ActiveCfg = Debug|Any CPU
		{E6E4677B-023E-4F30-BF08-820EC220AB9C}.Debug|Android.Build.0 = Debug|Any CPU
		{E6E4677B-023E-4F30-BF08-820EC220AB9C}.Debug|Any CPU.ActiveCfg = Debug|Any CPU
		{E6E4677B-023E-4F30-BF08-820EC220AB9C}.Debug|Any CPU.Build.0 = Debug|Any CPU
		{E6E4677B-023E-4F30-BF08-820EC220AB9C}.Debug|iOS.ActiveCfg = Debug|Any CPU
		{E6E4677B-023E-4F30-BF08-820EC220AB9C}.Debug|iOS.Build.0 = Debug|Any CPU
		{E6E4677B-023E-4F30-BF08-820EC220AB9C}.Debug|Windows-AnyCPU.ActiveCfg = Debug|Any CPU
		{E6E4677B-023E-4F30-BF08-820EC220AB9C}.Debug|Windows-AnyCPU.Build.0 = Debug|Any CPU
		{E6E4677B-023E-4F30-BF08-820EC220AB9C}.Debug|Windows-ARM.ActiveCfg = Debug|Any CPU
		{E6E4677B-023E-4F30-BF08-820EC220AB9C}.Debug|Windows-ARM.Build.0 = Debug|Any CPU
		{E6E4677B-023E-4F30-BF08-820EC220AB9C}.Debug|Windows-x64.ActiveCfg = Debug|Any CPU
		{E6E4677B-023E-4F30-BF08-820EC220AB9C}.Debug|Windows-x64.Build.0 = Debug|Any CPU
		{E6E4677B-023E-4F30-BF08-820EC220AB9C}.Debug|Windows-x86.ActiveCfg = Debug|Any CPU
		{E6E4677B-023E-4F30-BF08-820EC220AB9C}.Debug|Windows-x86.Build.0 = Debug|Any CPU
		{E6E4677B-023E-4F30-BF08-820EC220AB9C}.Release|Android.ActiveCfg = Release|Any CPU
		{E6E4677B-023E-4F30-BF08-820EC220AB9C}.Release|Android.Build.0 = Release|Any CPU
		{E6E4677B-023E-4F30-BF08-820EC220AB9C}.Release|Any CPU.ActiveCfg = Release|Any CPU
		{E6E4677B-023E-4F30-BF08-820EC220AB9C}.Release|Any CPU.Build.0 = Release|Any CPU
		{E6E4677B-023E-4F30-BF08-820EC220AB9C}.Release|iOS.ActiveCfg = Release|Any CPU
		{E6E4677B-023E-4F30-BF08-820EC220AB9C}.Release|iOS.Build.0 = Release|Any CPU
		{E6E4677B-023E-4F30-BF08-820EC220AB9C}.Release|Windows-AnyCPU.ActiveCfg = Release|Any CPU
		{E6E4677B-023E-4F30-BF08-820EC220AB9C}.Release|Windows-AnyCPU.Build.0 = Release|Any CPU
		{E6E4677B-023E-4F30-BF08-820EC220AB9C}.Release|Windows-ARM.ActiveCfg = Release|Any CPU
		{E6E4677B-023E-4F30-BF08-820EC220AB9C}.Release|Windows-ARM.Build.0 = Release|Any CPU
		{E6E4677B-023E-4F30-BF08-820EC220AB9C}.Release|Windows-x64.ActiveCfg = Release|Any CPU
		{E6E4677B-023E-4F30-BF08-820EC220AB9C}.Release|Windows-x64.Build.0 = Release|Any CPU
		{E6E4677B-023E-4F30-BF08-820EC220AB9C}.Release|Windows-x86.ActiveCfg = Release|Any CPU
		{E6E4677B-023E-4F30-BF08-820EC220AB9C}.Release|Windows-x86.Build.0 = Release|Any CPU
		{8F4A3976-88E1-4CC6-93FB-33523EE366CA}.Debug|Android.ActiveCfg = Debug|Any CPU
		{8F4A3976-88E1-4CC6-93FB-33523EE366CA}.Debug|Android.Build.0 = Debug|Any CPU
		{8F4A3976-88E1-4CC6-93FB-33523EE366CA}.Debug|Any CPU.ActiveCfg = Debug|Any CPU
		{8F4A3976-88E1-4CC6-93FB-33523EE366CA}.Debug|Any CPU.Build.0 = Debug|Any CPU
		{8F4A3976-88E1-4CC6-93FB-33523EE366CA}.Debug|iOS.ActiveCfg = Debug|Any CPU
		{8F4A3976-88E1-4CC6-93FB-33523EE366CA}.Debug|iOS.Build.0 = Debug|Any CPU
		{8F4A3976-88E1-4CC6-93FB-33523EE366CA}.Debug|Windows-AnyCPU.ActiveCfg = Debug|Any CPU
		{8F4A3976-88E1-4CC6-93FB-33523EE366CA}.Debug|Windows-AnyCPU.Build.0 = Debug|Any CPU
		{8F4A3976-88E1-4CC6-93FB-33523EE366CA}.Debug|Windows-ARM.ActiveCfg = Debug|Any CPU
		{8F4A3976-88E1-4CC6-93FB-33523EE366CA}.Debug|Windows-ARM.Build.0 = Debug|Any CPU
		{8F4A3976-88E1-4CC6-93FB-33523EE366CA}.Debug|Windows-x64.ActiveCfg = Debug|Any CPU
		{8F4A3976-88E1-4CC6-93FB-33523EE366CA}.Debug|Windows-x64.Build.0 = Debug|Any CPU
		{8F4A3976-88E1-4CC6-93FB-33523EE366CA}.Debug|Windows-x86.ActiveCfg = Debug|Any CPU
		{8F4A3976-88E1-4CC6-93FB-33523EE366CA}.Debug|Windows-x86.Build.0 = Debug|Any CPU
		{8F4A3976-88E1-4CC6-93FB-33523EE366CA}.Release|Android.ActiveCfg = Release|Any CPU
		{8F4A3976-88E1-4CC6-93FB-33523EE366CA}.Release|Android.Build.0 = Release|Any CPU
		{8F4A3976-88E1-4CC6-93FB-33523EE366CA}.Release|Any CPU.ActiveCfg = Release|Any CPU
		{8F4A3976-88E1-4CC6-93FB-33523EE366CA}.Release|Any CPU.Build.0 = Release|Any CPU
		{8F4A3976-88E1-4CC6-93FB-33523EE366CA}.Release|iOS.ActiveCfg = Release|Any CPU
		{8F4A3976-88E1-4CC6-93FB-33523EE366CA}.Release|iOS.Build.0 = Release|Any CPU
		{8F4A3976-88E1-4CC6-93FB-33523EE366CA}.Release|Windows-AnyCPU.ActiveCfg = Release|Any CPU
		{8F4A3976-88E1-4CC6-93FB-33523EE366CA}.Release|Windows-AnyCPU.Build.0 = Release|Any CPU
		{8F4A3976-88E1-4CC6-93FB-33523EE366CA}.Release|Windows-ARM.ActiveCfg = Release|Any CPU
		{8F4A3976-88E1-4CC6-93FB-33523EE366CA}.Release|Windows-ARM.Build.0 = Release|Any CPU
		{8F4A3976-88E1-4CC6-93FB-33523EE366CA}.Release|Windows-x64.ActiveCfg = Release|Any CPU
		{8F4A3976-88E1-4CC6-93FB-33523EE366CA}.Release|Windows-x64.Build.0 = Release|Any CPU
		{8F4A3976-88E1-4CC6-93FB-33523EE366CA}.Release|Windows-x86.ActiveCfg = Release|Any CPU
		{8F4A3976-88E1-4CC6-93FB-33523EE366CA}.Release|Windows-x86.Build.0 = Release|Any CPU
		{137B0AB7-0B90-4500-9129-EC9BFE6ABF6F}.Debug|Android.ActiveCfg = Debug|Any CPU
		{137B0AB7-0B90-4500-9129-EC9BFE6ABF6F}.Debug|Android.Build.0 = Debug|Any CPU
		{137B0AB7-0B90-4500-9129-EC9BFE6ABF6F}.Debug|Any CPU.ActiveCfg = Debug|Any CPU
		{137B0AB7-0B90-4500-9129-EC9BFE6ABF6F}.Debug|Any CPU.Build.0 = Debug|Any CPU
		{137B0AB7-0B90-4500-9129-EC9BFE6ABF6F}.Debug|iOS.ActiveCfg = Debug|Any CPU
		{137B0AB7-0B90-4500-9129-EC9BFE6ABF6F}.Debug|iOS.Build.0 = Debug|Any CPU
		{137B0AB7-0B90-4500-9129-EC9BFE6ABF6F}.Debug|Windows-AnyCPU.ActiveCfg = Debug|Any CPU
		{137B0AB7-0B90-4500-9129-EC9BFE6ABF6F}.Debug|Windows-AnyCPU.Build.0 = Debug|Any CPU
		{137B0AB7-0B90-4500-9129-EC9BFE6ABF6F}.Debug|Windows-ARM.ActiveCfg = Debug|Any CPU
		{137B0AB7-0B90-4500-9129-EC9BFE6ABF6F}.Debug|Windows-ARM.Build.0 = Debug|Any CPU
		{137B0AB7-0B90-4500-9129-EC9BFE6ABF6F}.Debug|Windows-x64.ActiveCfg = Debug|Any CPU
		{137B0AB7-0B90-4500-9129-EC9BFE6ABF6F}.Debug|Windows-x64.Build.0 = Debug|Any CPU
		{137B0AB7-0B90-4500-9129-EC9BFE6ABF6F}.Debug|Windows-x86.ActiveCfg = Debug|Any CPU
		{137B0AB7-0B90-4500-9129-EC9BFE6ABF6F}.Debug|Windows-x86.Build.0 = Debug|Any CPU
		{137B0AB7-0B90-4500-9129-EC9BFE6ABF6F}.Release|Android.ActiveCfg = Release|Any CPU
		{137B0AB7-0B90-4500-9129-EC9BFE6ABF6F}.Release|Android.Build.0 = Release|Any CPU
		{137B0AB7-0B90-4500-9129-EC9BFE6ABF6F}.Release|Any CPU.ActiveCfg = Release|Any CPU
		{137B0AB7-0B90-4500-9129-EC9BFE6ABF6F}.Release|Any CPU.Build.0 = Release|Any CPU
		{137B0AB7-0B90-4500-9129-EC9BFE6ABF6F}.Release|iOS.ActiveCfg = Release|Any CPU
		{137B0AB7-0B90-4500-9129-EC9BFE6ABF6F}.Release|iOS.Build.0 = Release|Any CPU
		{137B0AB7-0B90-4500-9129-EC9BFE6ABF6F}.Release|Windows-AnyCPU.ActiveCfg = Release|Any CPU
		{137B0AB7-0B90-4500-9129-EC9BFE6ABF6F}.Release|Windows-AnyCPU.Build.0 = Release|Any CPU
		{137B0AB7-0B90-4500-9129-EC9BFE6ABF6F}.Release|Windows-ARM.ActiveCfg = Release|Any CPU
		{137B0AB7-0B90-4500-9129-EC9BFE6ABF6F}.Release|Windows-ARM.Build.0 = Release|Any CPU
		{137B0AB7-0B90-4500-9129-EC9BFE6ABF6F}.Release|Windows-x64.ActiveCfg = Release|Any CPU
		{137B0AB7-0B90-4500-9129-EC9BFE6ABF6F}.Release|Windows-x64.Build.0 = Release|Any CPU
		{137B0AB7-0B90-4500-9129-EC9BFE6ABF6F}.Release|Windows-x86.ActiveCfg = Release|Any CPU
		{137B0AB7-0B90-4500-9129-EC9BFE6ABF6F}.Release|Windows-x86.Build.0 = Release|Any CPU
		{3396A109-A2FD-4387-A8BC-FB261D146AC8}.Debug|Android.ActiveCfg = Debug|Any CPU
		{3396A109-A2FD-4387-A8BC-FB261D146AC8}.Debug|Android.Build.0 = Debug|Any CPU
		{3396A109-A2FD-4387-A8BC-FB261D146AC8}.Debug|Any CPU.ActiveCfg = Debug|Any CPU
		{3396A109-A2FD-4387-A8BC-FB261D146AC8}.Debug|Any CPU.Build.0 = Debug|Any CPU
		{3396A109-A2FD-4387-A8BC-FB261D146AC8}.Debug|iOS.ActiveCfg = Debug|Any CPU
		{3396A109-A2FD-4387-A8BC-FB261D146AC8}.Debug|iOS.Build.0 = Debug|Any CPU
		{3396A109-A2FD-4387-A8BC-FB261D146AC8}.Debug|Windows-AnyCPU.ActiveCfg = Debug|Any CPU
		{3396A109-A2FD-4387-A8BC-FB261D146AC8}.Debug|Windows-AnyCPU.Build.0 = Debug|Any CPU
		{3396A109-A2FD-4387-A8BC-FB261D146AC8}.Debug|Windows-ARM.ActiveCfg = Debug|Any CPU
		{3396A109-A2FD-4387-A8BC-FB261D146AC8}.Debug|Windows-ARM.Build.0 = Debug|Any CPU
		{3396A109-A2FD-4387-A8BC-FB261D146AC8}.Debug|Windows-x64.ActiveCfg = Debug|Any CPU
		{3396A109-A2FD-4387-A8BC-FB261D146AC8}.Debug|Windows-x64.Build.0 = Debug|Any CPU
		{3396A109-A2FD-4387-A8BC-FB261D146AC8}.Debug|Windows-x86.ActiveCfg = Debug|Any CPU
		{3396A109-A2FD-4387-A8BC-FB261D146AC8}.Debug|Windows-x86.Build.0 = Debug|Any CPU
		{3396A109-A2FD-4387-A8BC-FB261D146AC8}.Release|Android.ActiveCfg = Release|Any CPU
		{3396A109-A2FD-4387-A8BC-FB261D146AC8}.Release|Android.Build.0 = Release|Any CPU
		{3396A109-A2FD-4387-A8BC-FB261D146AC8}.Release|Any CPU.ActiveCfg = Release|Any CPU
		{3396A109-A2FD-4387-A8BC-FB261D146AC8}.Release|Any CPU.Build.0 = Release|Any CPU
		{3396A109-A2FD-4387-A8BC-FB261D146AC8}.Release|iOS.ActiveCfg = Release|Any CPU
		{3396A109-A2FD-4387-A8BC-FB261D146AC8}.Release|iOS.Build.0 = Release|Any CPU
		{3396A109-A2FD-4387-A8BC-FB261D146AC8}.Release|Windows-AnyCPU.ActiveCfg = Release|Any CPU
		{3396A109-A2FD-4387-A8BC-FB261D146AC8}.Release|Windows-AnyCPU.Build.0 = Release|Any CPU
		{3396A109-A2FD-4387-A8BC-FB261D146AC8}.Release|Windows-ARM.ActiveCfg = Release|Any CPU
		{3396A109-A2FD-4387-A8BC-FB261D146AC8}.Release|Windows-ARM.Build.0 = Release|Any CPU
		{3396A109-A2FD-4387-A8BC-FB261D146AC8}.Release|Windows-x64.ActiveCfg = Release|Any CPU
		{3396A109-A2FD-4387-A8BC-FB261D146AC8}.Release|Windows-x64.Build.0 = Release|Any CPU
		{3396A109-A2FD-4387-A8BC-FB261D146AC8}.Release|Windows-x86.ActiveCfg = Release|Any CPU
		{3396A109-A2FD-4387-A8BC-FB261D146AC8}.Release|Windows-x86.Build.0 = Release|Any CPU
		{550453CD-AB51-444D-9913-C1A21FFCFBEB}.Debug|Android.ActiveCfg = Debug|Any CPU
		{550453CD-AB51-444D-9913-C1A21FFCFBEB}.Debug|Android.Build.0 = Debug|Any CPU
		{550453CD-AB51-444D-9913-C1A21FFCFBEB}.Debug|Any CPU.ActiveCfg = Debug|Any CPU
		{550453CD-AB51-444D-9913-C1A21FFCFBEB}.Debug|Any CPU.Build.0 = Debug|Any CPU
		{550453CD-AB51-444D-9913-C1A21FFCFBEB}.Debug|iOS.ActiveCfg = Debug|Any CPU
		{550453CD-AB51-444D-9913-C1A21FFCFBEB}.Debug|iOS.Build.0 = Debug|Any CPU
		{550453CD-AB51-444D-9913-C1A21FFCFBEB}.Debug|Windows-AnyCPU.ActiveCfg = Debug|Any CPU
		{550453CD-AB51-444D-9913-C1A21FFCFBEB}.Debug|Windows-AnyCPU.Build.0 = Debug|Any CPU
		{550453CD-AB51-444D-9913-C1A21FFCFBEB}.Debug|Windows-ARM.ActiveCfg = Debug|Any CPU
		{550453CD-AB51-444D-9913-C1A21FFCFBEB}.Debug|Windows-ARM.Build.0 = Debug|Any CPU
		{550453CD-AB51-444D-9913-C1A21FFCFBEB}.Debug|Windows-x64.ActiveCfg = Debug|Any CPU
		{550453CD-AB51-444D-9913-C1A21FFCFBEB}.Debug|Windows-x64.Build.0 = Debug|Any CPU
		{550453CD-AB51-444D-9913-C1A21FFCFBEB}.Debug|Windows-x86.ActiveCfg = Debug|Any CPU
		{550453CD-AB51-444D-9913-C1A21FFCFBEB}.Debug|Windows-x86.Build.0 = Debug|Any CPU
		{550453CD-AB51-444D-9913-C1A21FFCFBEB}.Release|Android.ActiveCfg = Release|Any CPU
		{550453CD-AB51-444D-9913-C1A21FFCFBEB}.Release|Android.Build.0 = Release|Any CPU
		{550453CD-AB51-444D-9913-C1A21FFCFBEB}.Release|Any CPU.ActiveCfg = Release|Any CPU
		{550453CD-AB51-444D-9913-C1A21FFCFBEB}.Release|Any CPU.Build.0 = Release|Any CPU
		{550453CD-AB51-444D-9913-C1A21FFCFBEB}.Release|iOS.ActiveCfg = Release|Any CPU
		{550453CD-AB51-444D-9913-C1A21FFCFBEB}.Release|iOS.Build.0 = Release|Any CPU
		{550453CD-AB51-444D-9913-C1A21FFCFBEB}.Release|Windows-AnyCPU.ActiveCfg = Release|Any CPU
		{550453CD-AB51-444D-9913-C1A21FFCFBEB}.Release|Windows-AnyCPU.Build.0 = Release|Any CPU
		{550453CD-AB51-444D-9913-C1A21FFCFBEB}.Release|Windows-ARM.ActiveCfg = Release|Any CPU
		{550453CD-AB51-444D-9913-C1A21FFCFBEB}.Release|Windows-ARM.Build.0 = Release|Any CPU
		{550453CD-AB51-444D-9913-C1A21FFCFBEB}.Release|Windows-x64.ActiveCfg = Release|Any CPU
		{550453CD-AB51-444D-9913-C1A21FFCFBEB}.Release|Windows-x64.Build.0 = Release|Any CPU
		{550453CD-AB51-444D-9913-C1A21FFCFBEB}.Release|Windows-x86.ActiveCfg = Release|Any CPU
		{550453CD-AB51-444D-9913-C1A21FFCFBEB}.Release|Windows-x86.Build.0 = Release|Any CPU
		{CA1C0153-FF97-4AE1-A20D-D1BF4598D4B6}.Debug|Android.ActiveCfg = Debug|Any CPU
		{CA1C0153-FF97-4AE1-A20D-D1BF4598D4B6}.Debug|Android.Build.0 = Debug|Any CPU
		{CA1C0153-FF97-4AE1-A20D-D1BF4598D4B6}.Debug|Any CPU.ActiveCfg = Debug|Any CPU
		{CA1C0153-FF97-4AE1-A20D-D1BF4598D4B6}.Debug|Any CPU.Build.0 = Debug|Any CPU
		{CA1C0153-FF97-4AE1-A20D-D1BF4598D4B6}.Debug|iOS.ActiveCfg = Debug|Any CPU
		{CA1C0153-FF97-4AE1-A20D-D1BF4598D4B6}.Debug|iOS.Build.0 = Debug|Any CPU
		{CA1C0153-FF97-4AE1-A20D-D1BF4598D4B6}.Debug|Windows-AnyCPU.ActiveCfg = Debug|Any CPU
		{CA1C0153-FF97-4AE1-A20D-D1BF4598D4B6}.Debug|Windows-AnyCPU.Build.0 = Debug|Any CPU
		{CA1C0153-FF97-4AE1-A20D-D1BF4598D4B6}.Debug|Windows-ARM.ActiveCfg = Debug|Any CPU
		{CA1C0153-FF97-4AE1-A20D-D1BF4598D4B6}.Debug|Windows-ARM.Build.0 = Debug|Any CPU
		{CA1C0153-FF97-4AE1-A20D-D1BF4598D4B6}.Debug|Windows-x64.ActiveCfg = Debug|Any CPU
		{CA1C0153-FF97-4AE1-A20D-D1BF4598D4B6}.Debug|Windows-x64.Build.0 = Debug|Any CPU
		{CA1C0153-FF97-4AE1-A20D-D1BF4598D4B6}.Debug|Windows-x86.ActiveCfg = Debug|Any CPU
		{CA1C0153-FF97-4AE1-A20D-D1BF4598D4B6}.Debug|Windows-x86.Build.0 = Debug|Any CPU
		{CA1C0153-FF97-4AE1-A20D-D1BF4598D4B6}.Release|Android.ActiveCfg = Release|Any CPU
		{CA1C0153-FF97-4AE1-A20D-D1BF4598D4B6}.Release|Android.Build.0 = Release|Any CPU
		{CA1C0153-FF97-4AE1-A20D-D1BF4598D4B6}.Release|Any CPU.ActiveCfg = Release|Any CPU
		{CA1C0153-FF97-4AE1-A20D-D1BF4598D4B6}.Release|Any CPU.Build.0 = Release|Any CPU
		{CA1C0153-FF97-4AE1-A20D-D1BF4598D4B6}.Release|iOS.ActiveCfg = Release|Any CPU
		{CA1C0153-FF97-4AE1-A20D-D1BF4598D4B6}.Release|iOS.Build.0 = Release|Any CPU
		{CA1C0153-FF97-4AE1-A20D-D1BF4598D4B6}.Release|Windows-AnyCPU.ActiveCfg = Release|Any CPU
		{CA1C0153-FF97-4AE1-A20D-D1BF4598D4B6}.Release|Windows-AnyCPU.Build.0 = Release|Any CPU
		{CA1C0153-FF97-4AE1-A20D-D1BF4598D4B6}.Release|Windows-ARM.ActiveCfg = Release|Any CPU
		{CA1C0153-FF97-4AE1-A20D-D1BF4598D4B6}.Release|Windows-ARM.Build.0 = Release|Any CPU
		{CA1C0153-FF97-4AE1-A20D-D1BF4598D4B6}.Release|Windows-x64.ActiveCfg = Release|Any CPU
		{CA1C0153-FF97-4AE1-A20D-D1BF4598D4B6}.Release|Windows-x64.Build.0 = Release|Any CPU
		{CA1C0153-FF97-4AE1-A20D-D1BF4598D4B6}.Release|Windows-x86.ActiveCfg = Release|Any CPU
		{CA1C0153-FF97-4AE1-A20D-D1BF4598D4B6}.Release|Windows-x86.Build.0 = Release|Any CPU
		{599A2808-D428-47FD-9B93-DBB98D50B8B1}.Debug|Android.ActiveCfg = Debug|Any CPU
		{599A2808-D428-47FD-9B93-DBB98D50B8B1}.Debug|Android.Build.0 = Debug|Any CPU
		{599A2808-D428-47FD-9B93-DBB98D50B8B1}.Debug|Any CPU.ActiveCfg = Debug|Any CPU
		{599A2808-D428-47FD-9B93-DBB98D50B8B1}.Debug|Any CPU.Build.0 = Debug|Any CPU
		{599A2808-D428-47FD-9B93-DBB98D50B8B1}.Debug|iOS.ActiveCfg = Debug|Any CPU
		{599A2808-D428-47FD-9B93-DBB98D50B8B1}.Debug|iOS.Build.0 = Debug|Any CPU
		{599A2808-D428-47FD-9B93-DBB98D50B8B1}.Debug|Windows-AnyCPU.ActiveCfg = Debug|Any CPU
		{599A2808-D428-47FD-9B93-DBB98D50B8B1}.Debug|Windows-AnyCPU.Build.0 = Debug|Any CPU
		{599A2808-D428-47FD-9B93-DBB98D50B8B1}.Debug|Windows-ARM.ActiveCfg = Debug|Any CPU
		{599A2808-D428-47FD-9B93-DBB98D50B8B1}.Debug|Windows-ARM.Build.0 = Debug|Any CPU
		{599A2808-D428-47FD-9B93-DBB98D50B8B1}.Debug|Windows-x64.ActiveCfg = Debug|Any CPU
		{599A2808-D428-47FD-9B93-DBB98D50B8B1}.Debug|Windows-x64.Build.0 = Debug|Any CPU
		{599A2808-D428-47FD-9B93-DBB98D50B8B1}.Debug|Windows-x86.ActiveCfg = Debug|Any CPU
		{599A2808-D428-47FD-9B93-DBB98D50B8B1}.Debug|Windows-x86.Build.0 = Debug|Any CPU
		{599A2808-D428-47FD-9B93-DBB98D50B8B1}.Release|Android.ActiveCfg = Release|Any CPU
		{599A2808-D428-47FD-9B93-DBB98D50B8B1}.Release|Android.Build.0 = Release|Any CPU
		{599A2808-D428-47FD-9B93-DBB98D50B8B1}.Release|Any CPU.ActiveCfg = Release|Any CPU
		{599A2808-D428-47FD-9B93-DBB98D50B8B1}.Release|Any CPU.Build.0 = Release|Any CPU
		{599A2808-D428-47FD-9B93-DBB98D50B8B1}.Release|iOS.ActiveCfg = Release|Any CPU
		{599A2808-D428-47FD-9B93-DBB98D50B8B1}.Release|iOS.Build.0 = Release|Any CPU
		{599A2808-D428-47FD-9B93-DBB98D50B8B1}.Release|Windows-AnyCPU.ActiveCfg = Release|Any CPU
		{599A2808-D428-47FD-9B93-DBB98D50B8B1}.Release|Windows-AnyCPU.Build.0 = Release|Any CPU
		{599A2808-D428-47FD-9B93-DBB98D50B8B1}.Release|Windows-ARM.ActiveCfg = Release|Any CPU
		{599A2808-D428-47FD-9B93-DBB98D50B8B1}.Release|Windows-ARM.Build.0 = Release|Any CPU
		{599A2808-D428-47FD-9B93-DBB98D50B8B1}.Release|Windows-x64.ActiveCfg = Release|Any CPU
		{599A2808-D428-47FD-9B93-DBB98D50B8B1}.Release|Windows-x64.Build.0 = Release|Any CPU
		{599A2808-D428-47FD-9B93-DBB98D50B8B1}.Release|Windows-x86.ActiveCfg = Release|Any CPU
		{599A2808-D428-47FD-9B93-DBB98D50B8B1}.Release|Windows-x86.Build.0 = Release|Any CPU
		{1752C9DD-064F-4A46-90C1-98FAF0396CA1}.Debug|Android.ActiveCfg = Debug|Any CPU
		{1752C9DD-064F-4A46-90C1-98FAF0396CA1}.Debug|Android.Build.0 = Debug|Any CPU
		{1752C9DD-064F-4A46-90C1-98FAF0396CA1}.Debug|Any CPU.ActiveCfg = Debug|Any CPU
		{1752C9DD-064F-4A46-90C1-98FAF0396CA1}.Debug|Any CPU.Build.0 = Debug|Any CPU
		{1752C9DD-064F-4A46-90C1-98FAF0396CA1}.Debug|iOS.ActiveCfg = Debug|Any CPU
		{1752C9DD-064F-4A46-90C1-98FAF0396CA1}.Debug|iOS.Build.0 = Debug|Any CPU
		{1752C9DD-064F-4A46-90C1-98FAF0396CA1}.Debug|Windows-AnyCPU.ActiveCfg = Debug|Any CPU
		{1752C9DD-064F-4A46-90C1-98FAF0396CA1}.Debug|Windows-AnyCPU.Build.0 = Debug|Any CPU
		{1752C9DD-064F-4A46-90C1-98FAF0396CA1}.Debug|Windows-ARM.ActiveCfg = Debug|Any CPU
		{1752C9DD-064F-4A46-90C1-98FAF0396CA1}.Debug|Windows-ARM.Build.0 = Debug|Any CPU
		{1752C9DD-064F-4A46-90C1-98FAF0396CA1}.Debug|Windows-x64.ActiveCfg = Debug|Any CPU
		{1752C9DD-064F-4A46-90C1-98FAF0396CA1}.Debug|Windows-x64.Build.0 = Debug|Any CPU
		{1752C9DD-064F-4A46-90C1-98FAF0396CA1}.Debug|Windows-x86.ActiveCfg = Debug|Any CPU
		{1752C9DD-064F-4A46-90C1-98FAF0396CA1}.Debug|Windows-x86.Build.0 = Debug|Any CPU
		{1752C9DD-064F-4A46-90C1-98FAF0396CA1}.Release|Android.ActiveCfg = Release|Any CPU
		{1752C9DD-064F-4A46-90C1-98FAF0396CA1}.Release|Android.Build.0 = Release|Any CPU
		{1752C9DD-064F-4A46-90C1-98FAF0396CA1}.Release|Any CPU.ActiveCfg = Release|Any CPU
		{1752C9DD-064F-4A46-90C1-98FAF0396CA1}.Release|Any CPU.Build.0 = Release|Any CPU
		{1752C9DD-064F-4A46-90C1-98FAF0396CA1}.Release|iOS.ActiveCfg = Release|Any CPU
		{1752C9DD-064F-4A46-90C1-98FAF0396CA1}.Release|iOS.Build.0 = Release|Any CPU
		{1752C9DD-064F-4A46-90C1-98FAF0396CA1}.Release|Windows-AnyCPU.ActiveCfg = Release|Any CPU
		{1752C9DD-064F-4A46-90C1-98FAF0396CA1}.Release|Windows-AnyCPU.Build.0 = Release|Any CPU
		{1752C9DD-064F-4A46-90C1-98FAF0396CA1}.Release|Windows-ARM.ActiveCfg = Release|Any CPU
		{1752C9DD-064F-4A46-90C1-98FAF0396CA1}.Release|Windows-ARM.Build.0 = Release|Any CPU
		{1752C9DD-064F-4A46-90C1-98FAF0396CA1}.Release|Windows-x64.ActiveCfg = Release|Any CPU
		{1752C9DD-064F-4A46-90C1-98FAF0396CA1}.Release|Windows-x64.Build.0 = Release|Any CPU
		{1752C9DD-064F-4A46-90C1-98FAF0396CA1}.Release|Windows-x86.ActiveCfg = Release|Any CPU
		{1752C9DD-064F-4A46-90C1-98FAF0396CA1}.Release|Windows-x86.Build.0 = Release|Any CPU
		{549CBA80-397B-4F8E-BB0E-5944E9D7E7DD}.Debug|Android.ActiveCfg = Debug|Android
		{549CBA80-397B-4F8E-BB0E-5944E9D7E7DD}.Debug|Android.Build.0 = Debug|Android
		{549CBA80-397B-4F8E-BB0E-5944E9D7E7DD}.Debug|Android.Deploy.0 = Debug|Android
		{549CBA80-397B-4F8E-BB0E-5944E9D7E7DD}.Debug|Any CPU.ActiveCfg = Debug|Android
		{549CBA80-397B-4F8E-BB0E-5944E9D7E7DD}.Debug|Any CPU.Build.0 = Debug|Android
		{549CBA80-397B-4F8E-BB0E-5944E9D7E7DD}.Debug|Any CPU.Deploy.0 = Debug|Android
		{549CBA80-397B-4F8E-BB0E-5944E9D7E7DD}.Debug|iOS.ActiveCfg = Debug|iOS
		{549CBA80-397B-4F8E-BB0E-5944E9D7E7DD}.Debug|iOS.Build.0 = Debug|iOS
		{549CBA80-397B-4F8E-BB0E-5944E9D7E7DD}.Debug|iOS.Deploy.0 = Debug|iOS
		{549CBA80-397B-4F8E-BB0E-5944E9D7E7DD}.Debug|Windows-AnyCPU.ActiveCfg = Debug|Windows-AnyCPU
		{549CBA80-397B-4F8E-BB0E-5944E9D7E7DD}.Debug|Windows-AnyCPU.Build.0 = Debug|Windows-AnyCPU
		{549CBA80-397B-4F8E-BB0E-5944E9D7E7DD}.Debug|Windows-AnyCPU.Deploy.0 = Debug|Windows-AnyCPU
		{549CBA80-397B-4F8E-BB0E-5944E9D7E7DD}.Debug|Windows-ARM.ActiveCfg = Debug|Windows-ARM
		{549CBA80-397B-4F8E-BB0E-5944E9D7E7DD}.Debug|Windows-ARM.Build.0 = Debug|Windows-ARM
		{549CBA80-397B-4F8E-BB0E-5944E9D7E7DD}.Debug|Windows-ARM.Deploy.0 = Debug|Windows-ARM
		{549CBA80-397B-4F8E-BB0E-5944E9D7E7DD}.Debug|Windows-x64.ActiveCfg = Debug|Windows-x64
		{549CBA80-397B-4F8E-BB0E-5944E9D7E7DD}.Debug|Windows-x64.Build.0 = Debug|Windows-x64
		{549CBA80-397B-4F8E-BB0E-5944E9D7E7DD}.Debug|Windows-x64.Deploy.0 = Debug|Windows-x64
		{549CBA80-397B-4F8E-BB0E-5944E9D7E7DD}.Debug|Windows-x86.ActiveCfg = Debug|Windows-x86
		{549CBA80-397B-4F8E-BB0E-5944E9D7E7DD}.Debug|Windows-x86.Build.0 = Debug|Windows-x86
		{549CBA80-397B-4F8E-BB0E-5944E9D7E7DD}.Debug|Windows-x86.Deploy.0 = Debug|Windows-x86
		{549CBA80-397B-4F8E-BB0E-5944E9D7E7DD}.Release|Android.ActiveCfg = Release|Android
		{549CBA80-397B-4F8E-BB0E-5944E9D7E7DD}.Release|Android.Build.0 = Release|Android
		{549CBA80-397B-4F8E-BB0E-5944E9D7E7DD}.Release|Android.Deploy.0 = Release|Android
		{549CBA80-397B-4F8E-BB0E-5944E9D7E7DD}.Release|Any CPU.ActiveCfg = Release|Android
		{549CBA80-397B-4F8E-BB0E-5944E9D7E7DD}.Release|iOS.ActiveCfg = Release|iOS
		{549CBA80-397B-4F8E-BB0E-5944E9D7E7DD}.Release|iOS.Build.0 = Release|iOS
		{549CBA80-397B-4F8E-BB0E-5944E9D7E7DD}.Release|iOS.Deploy.0 = Release|iOS
		{549CBA80-397B-4F8E-BB0E-5944E9D7E7DD}.Release|Windows-AnyCPU.ActiveCfg = Release|Windows-AnyCPU
		{549CBA80-397B-4F8E-BB0E-5944E9D7E7DD}.Release|Windows-AnyCPU.Build.0 = Release|Windows-AnyCPU
		{549CBA80-397B-4F8E-BB0E-5944E9D7E7DD}.Release|Windows-AnyCPU.Deploy.0 = Release|Windows-AnyCPU
		{549CBA80-397B-4F8E-BB0E-5944E9D7E7DD}.Release|Windows-ARM.ActiveCfg = Release|Windows-ARM
		{549CBA80-397B-4F8E-BB0E-5944E9D7E7DD}.Release|Windows-ARM.Build.0 = Release|Windows-ARM
		{549CBA80-397B-4F8E-BB0E-5944E9D7E7DD}.Release|Windows-ARM.Deploy.0 = Release|Windows-ARM
		{549CBA80-397B-4F8E-BB0E-5944E9D7E7DD}.Release|Windows-x64.ActiveCfg = Release|Windows-x64
		{549CBA80-397B-4F8E-BB0E-5944E9D7E7DD}.Release|Windows-x64.Build.0 = Release|Windows-x64
		{549CBA80-397B-4F8E-BB0E-5944E9D7E7DD}.Release|Windows-x64.Deploy.0 = Release|Windows-x64
		{549CBA80-397B-4F8E-BB0E-5944E9D7E7DD}.Release|Windows-x86.ActiveCfg = Release|Windows-x86
		{549CBA80-397B-4F8E-BB0E-5944E9D7E7DD}.Release|Windows-x86.Build.0 = Release|Windows-x86
		{549CBA80-397B-4F8E-BB0E-5944E9D7E7DD}.Release|Windows-x86.Deploy.0 = Release|Windows-x86
	EndGlobalSection
	GlobalSection(SolutionProperties) = preSolution
		HideSolutionNode = FALSE
	EndGlobalSection
	GlobalSection(ExtensibilityGlobals) = postSolution
		SolutionGuid = {64644485-7101-44BE-A49A-631A14F5CA70}
	EndGlobalSection
EndGlobal
